
Microsoft Visual Studio Solution File, Format Version 12.00
# Visual Studio Version 17
VisualStudioVersion = 17.11.35312.102
MinimumVisualStudioVersion = 10.0.40219.1
Project("{8BC9CEB8-8B4A-11D0-8D11-00A0C91BC942}") = "워밍업_1", "워밍업\워밍업.vcxproj", "{12BB0EA1-35D3-4ED0-92C0-8625146413FD}"
EndProject
Project("{8BC9CEB8-8B4A-11D0-8D11-00A0C91BC942}") = "워밍업_2", "워밍업_2\워밍업_2.vcxproj", "{AEAED40A-F42B-45A8-BBBE-9C03C5F6BFF7}"
EndProject
Project("{8BC9CEB8-8B4A-11D0-8D11-00A0C91BC942}") = "워밍업_3", "워밍업_3\워밍업_3.vcxproj", "{43D3293C-2191-4D13-9B9A-D12E3F8C2E49}"
EndProject
Project("{8BC9CEB8-8B4A-11D0-8D11-00A0C91BC942}") = "워밍업_4", "워밍업_4\워밍업_4.vcxproj", "{034A8319-4E38-4058-ABC7-B03991997213}"
EndProject
Project("{8BC9CEB8-8B4A-11D0-8D11-00A0C91BC942}") = "워밍업_5", "워밍업_5\워밍업_5.vcxproj", "{E3488EC3-797A-4AC2-B3A7-A99DD2CD8F27}"
EndProject
Project("{8BC9CEB8-8B4A-11D0-8D11-00A0C91BC942}") = "워밍업_6", "워밍업_6\워밍업_6.vcxproj", "{A8E24D61-0A37-4676-A841-5D4A62E6FDCE}"
EndProject
Project("{8BC9CEB8-8B4A-11D0-8D11-00A0C91BC942}") = "워밍업_7", "워밍업_7\워밍업_7.vcxproj", "{F97B874D-B970-4A14-92D4-81A863F2379C}"
EndProject
Global
	GlobalSection(SolutionConfigurationPlatforms) = preSolution
		Debug|x64 = Debug|x64
		Debug|x86 = Debug|x86
		Release|x64 = Release|x64
		Release|x86 = Release|x86
	EndGlobalSection
	GlobalSection(ProjectConfigurationPlatforms) = postSolution
		{12BB0EA1-35D3-4ED0-92C0-8625146413FD}.Debug|x64.ActiveCfg = Debug|x64
		{12BB0EA1-35D3-4ED0-92C0-8625146413FD}.Debug|x64.Build.0 = Debug|x64
		{12BB0EA1-35D3-4ED0-92C0-8625146413FD}.Debug|x86.ActiveCfg = Debug|Win32
		{12BB0EA1-35D3-4ED0-92C0-8625146413FD}.Debug|x86.Build.0 = Debug|Win32
		{12BB0EA1-35D3-4ED0-92C0-8625146413FD}.Release|x64.ActiveCfg = Release|x64
		{12BB0EA1-35D3-4ED0-92C0-8625146413FD}.Release|x64.Build.0 = Release|x64
		{12BB0EA1-35D3-4ED0-92C0-8625146413FD}.Release|x86.ActiveCfg = Release|Win32
		{12BB0EA1-35D3-4ED0-92C0-8625146413FD}.Release|x86.Build.0 = Release|Win32
		{AEAED40A-F42B-45A8-BBBE-9C03C5F6BFF7}.Debug|x64.ActiveCfg = Debug|x64
		{AEAED40A-F42B-45A8-BBBE-9C03C5F6BFF7}.Debug|x64.Build.0 = Debug|x64
		{AEAED40A-F42B-45A8-BBBE-9C03C5F6BFF7}.Debug|x86.ActiveCfg = Debug|Win32
		{AEAED40A-F42B-45A8-BBBE-9C03C5F6BFF7}.Debug|x86.Build.0 = Debug|Win32
		{AEAED40A-F42B-45A8-BBBE-9C03C5F6BFF7}.Release|x64.ActiveCfg = Release|x64
		{AEAED40A-F42B-45A8-BBBE-9C03C5F6BFF7}.Release|x64.Build.0 = Release|x64
		{AEAED40A-F42B-45A8-BBBE-9C03C5F6BFF7}.Release|x86.ActiveCfg = Release|Win32
		{AEAED40A-F42B-45A8-BBBE-9C03C5F6BFF7}.Release|x86.Build.0 = Release|Win32
		{43D3293C-2191-4D13-9B9A-D12E3F8C2E49}.Debug|x64.ActiveCfg = Debug|x64
		{43D3293C-2191-4D13-9B9A-D12E3F8C2E49}.Debug|x64.Build.0 = Debug|x64
		{43D3293C-2191-4D13-9B9A-D12E3F8C2E49}.Debug|x86.ActiveCfg = Debug|Win32
		{43D3293C-2191-4D13-9B9A-D12E3F8C2E49}.Debug|x86.Build.0 = Debug|Win32
		{43D3293C-2191-4D13-9B9A-D12E3F8C2E49}.Release|x64.ActiveCfg = Release|x64
		{43D3293C-2191-4D13-9B9A-D12E3F8C2E49}.Release|x64.Build.0 = Release|x64
		{43D3293C-2191-4D13-9B9A-D12E3F8C2E49}.Release|x86.ActiveCfg = Release|Win32
		{43D3293C-2191-4D13-9B9A-D12E3F8C2E49}.Release|x86.Build.0 = Release|Win32
		{034A8319-4E38-4058-ABC7-B03991997213}.Debug|x64.ActiveCfg = Debug|x64
		{034A8319-4E38-4058-ABC7-B03991997213}.Debug|x64.Build.0 = Debug|x64
		{034A8319-4E38-4058-ABC7-B03991997213}.Debug|x86.ActiveCfg = Debug|Win32
		{034A8319-4E38-4058-ABC7-B03991997213}.Debug|x86.Build.0 = Debug|Win32
		{034A8319-4E38-4058-ABC7-B03991997213}.Release|x64.ActiveCfg = Release|x64
		{034A8319-4E38-4058-ABC7-B03991997213}.Release|x64.Build.0 = Release|x64
		{034A8319-4E38-4058-ABC7-B03991997213}.Release|x86.ActiveCfg = Release|Win32
		{034A8319-4E38-4058-ABC7-B03991997213}.Release|x86.Build.0 = Release|Win32
		{E3488EC3-797A-4AC2-B3A7-A99DD2CD8F27}.Debug|x64.ActiveCfg = Debug|x64
		{E3488EC3-797A-4AC2-B3A7-A99DD2CD8F27}.Debug|x64.Build.0 = Debug|x64
		{E3488EC3-797A-4AC2-B3A7-A99DD2CD8F27}.Debug|x86.ActiveCfg = Debug|Win32
		{E3488EC3-797A-4AC2-B3A7-A99DD2CD8F27}.Debug|x86.Build.0 = Debug|Win32
		{E3488EC3-797A-4AC2-B3A7-A99DD2CD8F27}.Release|x64.ActiveCfg = Release|x64
		{E3488EC3-797A-4AC2-B3A7-A99DD2CD8F27}.Release|x64.Build.0 = Release|x64
		{E3488EC3-797A-4AC2-B3A7-A99DD2CD8F27}.Release|x86.ActiveCfg = Release|Win32
		{E3488EC3-797A-4AC2-B3A7-A99DD2CD8F27}.Release|x86.Build.0 = Release|Win32
		{A8E24D61-0A37-4676-A841-5D4A62E6FDCE}.Debug|x64.ActiveCfg = Debug|x64
		{A8E24D61-0A37-4676-A841-5D4A62E6FDCE}.Debug|x64.Build.0 = Debug|x64
		{A8E24D61-0A37-4676-A841-5D4A62E6FDCE}.Debug|x86.ActiveCfg = Debug|Win32
		{A8E24D61-0A37-4676-A841-5D4A62E6FDCE}.Debug|x86.Build.0 = Debug|Win32
		{A8E24D61-0A37-4676-A841-5D4A62E6FDCE}.Release|x64.ActiveCfg = Release|x64
		{A8E24D61-0A37-4676-A841-5D4A62E6FDCE}.Release|x64.Build.0 = Release|x64
		{A8E24D61-0A37-4676-A841-5D4A62E6FDCE}.Release|x86.ActiveCfg = Release|Win32
		{A8E24D61-0A37-4676-A841-5D4A62E6FDCE}.Release|x86.Build.0 = Release|Win32
		{F97B874D-B970-4A14-92D4-81A863F2379C}.Debug|x64.ActiveCfg = Debug|x64
		{F97B874D-B970-4A14-92D4-81A863F2379C}.Debug|x64.Build.0 = Debug|x64
		{F97B874D-B970-4A14-92D4-81A863F2379C}.Debug|x86.ActiveCfg = Debug|Win32
		{F97B874D-B970-4A14-92D4-81A863F2379C}.Debug|x86.Build.0 = Debug|Win32
		{F97B874D-B970-4A14-92D4-81A863F2379C}.Release|x64.ActiveCfg = Release|x64
		{F97B874D-B970-4A14-92D4-81A863F2379C}.Release|x64.Build.0 = Release|x64
		{F97B874D-B970-4A14-92D4-81A863F2379C}.Release|x86.ActiveCfg = Release|Win32
		{F97B874D-B970-4A14-92D4-81A863F2379C}.Release|x86.Build.0 = Release|Win32
	EndGlobalSection
	GlobalSection(SolutionProperties) = preSolution
		HideSolutionNode = FALSE
	EndGlobalSection
	GlobalSection(ExtensibilityGlobals) = postSolution
		SolutionGuid = {8FCB8CCF-1F5E-428C-9AFB-E9E4EB71FE4C}
	EndGlobalSection
EndGlobal
