
Microsoft Visual Studio Solution File, Format Version 12.00
# Visual Studio Version 17
VisualStudioVersion = 17.11.35312.102
MinimumVisualStudioVersion = 10.0.40219.1
Project("{8BC9CEB8-8B4A-11D0-8D11-00A0C91BC942}") = "실습", "실습\실습.vcxproj", "{2FA0FCA4-1C3E-4D80-AC87-1345C3A12653}"
EndProject
Project("{8BC9CEB8-8B4A-11D0-8D11-00A0C91BC942}") = "실습_2", "실습_2\실습_2.vcxproj", "{9D40E6BB-F652-44AA-AAC4-7CB21EC4315C}"
EndProject
Project("{8BC9CEB8-8B4A-11D0-8D11-00A0C91BC942}") = "실습_3", "실습_3\실습_3.vcxproj", "{1527FC51-C6B5-4B21-8E34-214E91AA2DC2}"
EndProject
Project("{8BC9CEB8-8B4A-11D0-8D11-00A0C91BC942}") = "실습_4", "실습_4\실습_4.vcxproj", "{DA399FAD-6779-4BD8-8BE7-E9518BD93E86}"
EndProject
Project("{8BC9CEB8-8B4A-11D0-8D11-00A0C91BC942}") = "실습_5", "실습_5\실습_5.vcxproj", "{4FEC8712-343C-4686-9E63-BFE6DB667061}"
EndProject
Project("{8BC9CEB8-8B4A-11D0-8D11-00A0C91BC942}") = "실습_6", "실습_6\실습_6.vcxproj", "{A788DB76-90E5-4C29-B1CB-A279588EB4BD}"
EndProject
Project("{8BC9CEB8-8B4A-11D0-8D11-00A0C91BC942}") = "실습_7", "실습_7\실습_7.vcxproj", "{5724C0C6-5AE0-4839-A9C6-8995975777FE}"
EndProject
Project("{8BC9CEB8-8B4A-11D0-8D11-00A0C91BC942}") = "실습_8", "실습_8\실습_8.vcxproj", "{C686A97A-2799-4A22-9A34-A4F0ABF86463}"
EndProject
Project("{8BC9CEB8-8B4A-11D0-8D11-00A0C91BC942}") = "실습_9", "실습_9\실습_9.vcxproj", "{A6C089F8-004B-4FC9-A6B8-8CF07835C529}"
EndProject
Global
	GlobalSection(SolutionConfigurationPlatforms) = preSolution
		Debug|x64 = Debug|x64
		Debug|x86 = Debug|x86
		Release|x64 = Release|x64
		Release|x86 = Release|x86
	EndGlobalSection
	GlobalSection(ProjectConfigurationPlatforms) = postSolution
		{2FA0FCA4-1C3E-4D80-AC87-1345C3A12653}.Debug|x64.ActiveCfg = Debug|x64
		{2FA0FCA4-1C3E-4D80-AC87-1345C3A12653}.Debug|x64.Build.0 = Debug|x64
		{2FA0FCA4-1C3E-4D80-AC87-1345C3A12653}.Debug|x86.ActiveCfg = Debug|Win32
		{2FA0FCA4-1C3E-4D80-AC87-1345C3A12653}.Debug|x86.Build.0 = Debug|Win32
		{2FA0FCA4-1C3E-4D80-AC87-1345C3A12653}.Release|x64.ActiveCfg = Release|x64
		{2FA0FCA4-1C3E-4D80-AC87-1345C3A12653}.Release|x64.Build.0 = Release|x64
		{2FA0FCA4-1C3E-4D80-AC87-1345C3A12653}.Release|x86.ActiveCfg = Release|Win32
		{2FA0FCA4-1C3E-4D80-AC87-1345C3A12653}.Release|x86.Build.0 = Release|Win32
		{9D40E6BB-F652-44AA-AAC4-7CB21EC4315C}.Debug|x64.ActiveCfg = Debug|x64
		{9D40E6BB-F652-44AA-AAC4-7CB21EC4315C}.Debug|x64.Build.0 = Debug|x64
		{9D40E6BB-F652-44AA-AAC4-7CB21EC4315C}.Debug|x86.ActiveCfg = Debug|Win32
		{9D40E6BB-F652-44AA-AAC4-7CB21EC4315C}.Debug|x86.Build.0 = Debug|Win32
		{9D40E6BB-F652-44AA-AAC4-7CB21EC4315C}.Release|x64.ActiveCfg = Release|x64
		{9D40E6BB-F652-44AA-AAC4-7CB21EC4315C}.Release|x64.Build.0 = Release|x64
		{9D40E6BB-F652-44AA-AAC4-7CB21EC4315C}.Release|x86.ActiveCfg = Release|Win32
		{9D40E6BB-F652-44AA-AAC4-7CB21EC4315C}.Release|x86.Build.0 = Release|Win32
		{1527FC51-C6B5-4B21-8E34-214E91AA2DC2}.Debug|x64.ActiveCfg = Debug|x64
		{1527FC51-C6B5-4B21-8E34-214E91AA2DC2}.Debug|x64.Build.0 = Debug|x64
		{1527FC51-C6B5-4B21-8E34-214E91AA2DC2}.Debug|x86.ActiveCfg = Debug|Win32
		{1527FC51-C6B5-4B21-8E34-214E91AA2DC2}.Debug|x86.Build.0 = Debug|Win32
		{1527FC51-C6B5-4B21-8E34-214E91AA2DC2}.Release|x64.ActiveCfg = Release|x64
		{1527FC51-C6B5-4B21-8E34-214E91AA2DC2}.Release|x64.Build.0 = Release|x64
		{1527FC51-C6B5-4B21-8E34-214E91AA2DC2}.Release|x86.ActiveCfg = Release|Win32
		{1527FC51-C6B5-4B21-8E34-214E91AA2DC2}.Release|x86.Build.0 = Release|Win32
		{DA399FAD-6779-4BD8-8BE7-E9518BD93E86}.Debug|x64.ActiveCfg = Debug|x64
		{DA399FAD-6779-4BD8-8BE7-E9518BD93E86}.Debug|x64.Build.0 = Debug|x64
		{DA399FAD-6779-4BD8-8BE7-E9518BD93E86}.Debug|x86.ActiveCfg = Debug|Win32
		{DA399FAD-6779-4BD8-8BE7-E9518BD93E86}.Debug|x86.Build.0 = Debug|Win32
		{DA399FAD-6779-4BD8-8BE7-E9518BD93E86}.Release|x64.ActiveCfg = Release|x64
		{DA399FAD-6779-4BD8-8BE7-E9518BD93E86}.Release|x64.Build.0 = Release|x64
		{DA399FAD-6779-4BD8-8BE7-E9518BD93E86}.Release|x86.ActiveCfg = Release|Win32
		{DA399FAD-6779-4BD8-8BE7-E9518BD93E86}.Release|x86.Build.0 = Release|Win32
		{4FEC8712-343C-4686-9E63-BFE6DB667061}.Debug|x64.ActiveCfg = Debug|x64
		{4FEC8712-343C-4686-9E63-BFE6DB667061}.Debug|x64.Build.0 = Debug|x64
		{4FEC8712-343C-4686-9E63-BFE6DB667061}.Debug|x86.ActiveCfg = Debug|Win32
		{4FEC8712-343C-4686-9E63-BFE6DB667061}.Debug|x86.Build.0 = Debug|Win32
		{4FEC8712-343C-4686-9E63-BFE6DB667061}.Release|x64.ActiveCfg = Release|x64
		{4FEC8712-343C-4686-9E63-BFE6DB667061}.Release|x64.Build.0 = Release|x64
		{4FEC8712-343C-4686-9E63-BFE6DB667061}.Release|x86.ActiveCfg = Release|Win32
		{4FEC8712-343C-4686-9E63-BFE6DB667061}.Release|x86.Build.0 = Release|Win32
		{A788DB76-90E5-4C29-B1CB-A279588EB4BD}.Debug|x64.ActiveCfg = Debug|x64
		{A788DB76-90E5-4C29-B1CB-A279588EB4BD}.Debug|x64.Build.0 = Debug|x64
		{A788DB76-90E5-4C29-B1CB-A279588EB4BD}.Debug|x86.ActiveCfg = Debug|Win32
		{A788DB76-90E5-4C29-B1CB-A279588EB4BD}.Debug|x86.Build.0 = Debug|Win32
		{A788DB76-90E5-4C29-B1CB-A279588EB4BD}.Release|x64.ActiveCfg = Release|x64
		{A788DB76-90E5-4C29-B1CB-A279588EB4BD}.Release|x64.Build.0 = Release|x64
		{A788DB76-90E5-4C29-B1CB-A279588EB4BD}.Release|x86.ActiveCfg = Release|Win32
		{A788DB76-90E5-4C29-B1CB-A279588EB4BD}.Release|x86.Build.0 = Release|Win32
		{5724C0C6-5AE0-4839-A9C6-8995975777FE}.Debug|x64.ActiveCfg = Debug|x64
		{5724C0C6-5AE0-4839-A9C6-8995975777FE}.Debug|x64.Build.0 = Debug|x64
		{5724C0C6-5AE0-4839-A9C6-8995975777FE}.Debug|x86.ActiveCfg = Debug|Win32
		{5724C0C6-5AE0-4839-A9C6-8995975777FE}.Debug|x86.Build.0 = Debug|Win32
		{5724C0C6-5AE0-4839-A9C6-8995975777FE}.Release|x64.ActiveCfg = Release|x64
		{5724C0C6-5AE0-4839-A9C6-8995975777FE}.Release|x64.Build.0 = Release|x64
		{5724C0C6-5AE0-4839-A9C6-8995975777FE}.Release|x86.ActiveCfg = Release|Win32
		{5724C0C6-5AE0-4839-A9C6-8995975777FE}.Release|x86.Build.0 = Release|Win32
		{C686A97A-2799-4A22-9A34-A4F0ABF86463}.Debug|x64.ActiveCfg = Debug|x64
		{C686A97A-2799-4A22-9A34-A4F0ABF86463}.Debug|x64.Build.0 = Debug|x64
		{C686A97A-2799-4A22-9A34-A4F0ABF86463}.Debug|x86.ActiveCfg = Debug|Win32
		{C686A97A-2799-4A22-9A34-A4F0ABF86463}.Debug|x86.Build.0 = Debug|Win32
		{C686A97A-2799-4A22-9A34-A4F0ABF86463}.Release|x64.ActiveCfg = Release|x64
		{C686A97A-2799-4A22-9A34-A4F0ABF86463}.Release|x64.Build.0 = Release|x64
		{C686A97A-2799-4A22-9A34-A4F0ABF86463}.Release|x86.ActiveCfg = Release|Win32
		{C686A97A-2799-4A22-9A34-A4F0ABF86463}.Release|x86.Build.0 = Release|Win32
		{A6C089F8-004B-4FC9-A6B8-8CF07835C529}.Debug|x64.ActiveCfg = Debug|x64
		{A6C089F8-004B-4FC9-A6B8-8CF07835C529}.Debug|x64.Build.0 = Debug|x64
		{A6C089F8-004B-4FC9-A6B8-8CF07835C529}.Debug|x86.ActiveCfg = Debug|Win32
		{A6C089F8-004B-4FC9-A6B8-8CF07835C529}.Debug|x86.Build.0 = Debug|Win32
		{A6C089F8-004B-4FC9-A6B8-8CF07835C529}.Release|x64.ActiveCfg = Release|x64
		{A6C089F8-004B-4FC9-A6B8-8CF07835C529}.Release|x64.Build.0 = Release|x64
		{A6C089F8-004B-4FC9-A6B8-8CF07835C529}.Release|x86.ActiveCfg = Release|Win32
		{A6C089F8-004B-4FC9-A6B8-8CF07835C529}.Release|x86.Build.0 = Release|Win32
	EndGlobalSection
	GlobalSection(SolutionProperties) = preSolution
		HideSolutionNode = FALSE
	EndGlobalSection
	GlobalSection(ExtensibilityGlobals) = postSolution
		SolutionGuid = {ED361EBF-5775-4CB5-8E12-E38EDB6D0F65}
	EndGlobalSection
EndGlobal
