
Microsoft Visual Studio Solution File, Format Version 12.00
# Visual Studio Version 17
VisualStudioVersion = 17.11.35312.102
MinimumVisualStudioVersion = 10.0.40219.1
Project("{8BC9CEB8-8B4A-11D0-8D11-00A0C91BC942}") = "실습", "실습\실습.vcxproj", "{2FA0FCA4-1C3E-4D80-AC87-1345C3A12653}"
EndProject
Project("{8BC9CEB8-8B4A-11D0-8D11-00A0C91BC942}") = "실습_2", "실습_2\실습_2.vcxproj", "{9D40E6BB-F652-44AA-AAC4-7CB21EC4315C}"
EndProject
Project("{8BC9CEB8-8B4A-11D0-8D11-00A0C91BC942}") = "실습_3", "실습_3\실습_3.vcxproj", "{1527FC51-C6B5-4B21-8E34-214E91AA2DC2}"
EndProject
Project("{8BC9CEB8-8B4A-11D0-8D11-00A0C91BC942}") = "실습_4", "실습_4\실습_4.vcxproj", "{DA399FAD-6779-4BD8-8BE7-E9518BD93E86}"
EndProject
Project("{8BC9CEB8-8B4A-11D0-8D11-00A0C91BC942}") = "실습_5", "실습_5\실습_5.vcxproj", "{4FEC8712-343C-4686-9E63-BFE6DB667061}"
EndProject
Project("{8BC9CEB8-8B4A-11D0-8D11-00A0C91BC942}") = "실습_6", "실습_6\실습_6.vcxproj", "{A788DB76-90E5-4C29-B1CB-A279588EB4BD}"
EndProject
Project("{8BC9CEB8-8B4A-11D0-8D11-00A0C91BC942}") = "실습_7", "실습_7\실습_7.vcxproj", "{5724C0C6-5AE0-4839-A9C6-8995975777FE}"
EndProject
Project("{8BC9CEB8-8B4A-11D0-8D11-00A0C91BC942}") = "실습_8", "실습_8\실습_8.vcxproj", "{C686A97A-2799-4A22-9A34-A4F0ABF86463}"
EndProject
Project("{8BC9CEB8-8B4A-11D0-8D11-00A0C91BC942}") = "실습_9", "실습_9\실습_9.vcxproj", "{A6C089F8-004B-4FC9-A6B8-8CF07835C529}"
EndProject
Project("{8BC9CEB8-8B4A-11D0-8D11-00A0C91BC942}") = "실습_10", "실습_10\실습_10.vcxproj", "{591DA4AC-2FA3-4248-A5A5-CAD7152D43E1}"
EndProject
Project("{8BC9CEB8-8B4A-11D0-8D11-00A0C91BC942}") = "실습_11", "실습_11\실습_11.vcxproj", "{EFC666F6-D249-4699-BC9B-9BB495DF5157}"
EndProject
Project("{8BC9CEB8-8B4A-11D0-8D11-00A0C91BC942}") = "실습_12", "실습_12\실습_12.vcxproj", "{929D6FF8-8312-48F0-80A4-A1E48BAC97FE}"
EndProject
Project("{8BC9CEB8-8B4A-11D0-8D11-00A0C91BC942}") = "실습_13", "실습_13\실습_13.vcxproj", "{3389851F-4579-400A-886F-D26E015920BC}"
EndProject
Project("{8BC9CEB8-8B4A-11D0-8D11-00A0C91BC942}") = "실습_14", "실습_14\실습_14.vcxproj", "{DF4A8E80-1FAF-40E5-9D80-DBE93F40B1E7}"
EndProject
Project("{8BC9CEB8-8B4A-11D0-8D11-00A0C91BC942}") = "실습_15", "실습_15\실습_15.vcxproj", "{816E440A-1ED6-41D0-8378-C1646378824F}"
EndProject
Project("{8BC9CEB8-8B4A-11D0-8D11-00A0C91BC942}") = "실습_16", "실습_16\실습_16.vcxproj", "{76E1614D-E18A-4E06-AD4A-2A93BF73D354}"
EndProject
Project("{8BC9CEB8-8B4A-11D0-8D11-00A0C91BC942}") = "실습_17", "실습_17\실습_17.vcxproj", "{273D1758-057A-4B3D-95E3-08E54AF60700}"
EndProject
Project("{8BC9CEB8-8B4A-11D0-8D11-00A0C91BC942}") = "숙제", "숙제\숙제.vcxproj", "{6FC37213-9C16-4C34-B9DC-9DD4E599351C}"
EndProject
Project("{8BC9CEB8-8B4A-11D0-8D11-00A0C91BC942}") = "실습_19", "실습_19\실습_19.vcxproj", "{2CBF18F9-8D4B-40E4-AA1D-9132842F18FB}"
EndProject
Project("{8BC9CEB8-8B4A-11D0-8D11-00A0C91BC942}") = "실습_20", "실습_20\실습_20.vcxproj", "{21B7933D-01FD-49F6-9544-20F84257932F}"
EndProject
Project("{8BC9CEB8-8B4A-11D0-8D11-00A0C91BC942}") = "실습_21", "실습_21\실습_21.vcxproj", "{65BF7D19-1C10-4271-B33E-F7D7604F9DE2}"
EndProject
Project("{8BC9CEB8-8B4A-11D0-8D11-00A0C91BC942}") = "실습_24", "실습_24\실습_24.vcxproj", "{D7D13A8F-64D7-457E-8F6A-1D3E6EF9D66D}"
EndProject
Project("{8BC9CEB8-8B4A-11D0-8D11-00A0C91BC942}") = "team_project", "team_project\team_project.vcxproj", "{1C5A279D-F56F-4C20-BC1A-588B8AD91597}"
EndProject
Global
	GlobalSection(SolutionConfigurationPlatforms) = preSolution
		Debug|x64 = Debug|x64
		Debug|x86 = Debug|x86
		Release|x64 = Release|x64
		Release|x86 = Release|x86
	EndGlobalSection
	GlobalSection(ProjectConfigurationPlatforms) = postSolution
		{2FA0FCA4-1C3E-4D80-AC87-1345C3A12653}.Debug|x64.ActiveCfg = Debug|x64
		{2FA0FCA4-1C3E-4D80-AC87-1345C3A12653}.Debug|x64.Build.0 = Debug|x64
		{2FA0FCA4-1C3E-4D80-AC87-1345C3A12653}.Debug|x86.ActiveCfg = Debug|Win32
		{2FA0FCA4-1C3E-4D80-AC87-1345C3A12653}.Debug|x86.Build.0 = Debug|Win32
		{2FA0FCA4-1C3E-4D80-AC87-1345C3A12653}.Release|x64.ActiveCfg = Release|x64
		{2FA0FCA4-1C3E-4D80-AC87-1345C3A12653}.Release|x64.Build.0 = Release|x64
		{2FA0FCA4-1C3E-4D80-AC87-1345C3A12653}.Release|x86.ActiveCfg = Release|Win32
		{2FA0FCA4-1C3E-4D80-AC87-1345C3A12653}.Release|x86.Build.0 = Release|Win32
		{9D40E6BB-F652-44AA-AAC4-7CB21EC4315C}.Debug|x64.ActiveCfg = Debug|x64
		{9D40E6BB-F652-44AA-AAC4-7CB21EC4315C}.Debug|x64.Build.0 = Debug|x64
		{9D40E6BB-F652-44AA-AAC4-7CB21EC4315C}.Debug|x86.ActiveCfg = Debug|Win32
		{9D40E6BB-F652-44AA-AAC4-7CB21EC4315C}.Debug|x86.Build.0 = Debug|Win32
		{9D40E6BB-F652-44AA-AAC4-7CB21EC4315C}.Release|x64.ActiveCfg = Release|x64
		{9D40E6BB-F652-44AA-AAC4-7CB21EC4315C}.Release|x64.Build.0 = Release|x64
		{9D40E6BB-F652-44AA-AAC4-7CB21EC4315C}.Release|x86.ActiveCfg = Release|Win32
		{9D40E6BB-F652-44AA-AAC4-7CB21EC4315C}.Release|x86.Build.0 = Release|Win32
		{1527FC51-C6B5-4B21-8E34-214E91AA2DC2}.Debug|x64.ActiveCfg = Debug|x64
		{1527FC51-C6B5-4B21-8E34-214E91AA2DC2}.Debug|x64.Build.0 = Debug|x64
		{1527FC51-C6B5-4B21-8E34-214E91AA2DC2}.Debug|x86.ActiveCfg = Debug|Win32
		{1527FC51-C6B5-4B21-8E34-214E91AA2DC2}.Debug|x86.Build.0 = Debug|Win32
		{1527FC51-C6B5-4B21-8E34-214E91AA2DC2}.Release|x64.ActiveCfg = Release|x64
		{1527FC51-C6B5-4B21-8E34-214E91AA2DC2}.Release|x64.Build.0 = Release|x64
		{1527FC51-C6B5-4B21-8E34-214E91AA2DC2}.Release|x86.ActiveCfg = Release|Win32
		{1527FC51-C6B5-4B21-8E34-214E91AA2DC2}.Release|x86.Build.0 = Release|Win32
		{DA399FAD-6779-4BD8-8BE7-E9518BD93E86}.Debug|x64.ActiveCfg = Debug|x64
		{DA399FAD-6779-4BD8-8BE7-E9518BD93E86}.Debug|x64.Build.0 = Debug|x64
		{DA399FAD-6779-4BD8-8BE7-E9518BD93E86}.Debug|x86.ActiveCfg = Debug|Win32
		{DA399FAD-6779-4BD8-8BE7-E9518BD93E86}.Debug|x86.Build.0 = Debug|Win32
		{DA399FAD-6779-4BD8-8BE7-E9518BD93E86}.Release|x64.ActiveCfg = Release|x64
		{DA399FAD-6779-4BD8-8BE7-E9518BD93E86}.Release|x64.Build.0 = Release|x64
		{DA399FAD-6779-4BD8-8BE7-E9518BD93E86}.Release|x86.ActiveCfg = Release|Win32
		{DA399FAD-6779-4BD8-8BE7-E9518BD93E86}.Release|x86.Build.0 = Release|Win32
		{4FEC8712-343C-4686-9E63-BFE6DB667061}.Debug|x64.ActiveCfg = Debug|x64
		{4FEC8712-343C-4686-9E63-BFE6DB667061}.Debug|x64.Build.0 = Debug|x64
		{4FEC8712-343C-4686-9E63-BFE6DB667061}.Debug|x86.ActiveCfg = Debug|Win32
		{4FEC8712-343C-4686-9E63-BFE6DB667061}.Debug|x86.Build.0 = Debug|Win32
		{4FEC8712-343C-4686-9E63-BFE6DB667061}.Release|x64.ActiveCfg = Release|x64
		{4FEC8712-343C-4686-9E63-BFE6DB667061}.Release|x64.Build.0 = Release|x64
		{4FEC8712-343C-4686-9E63-BFE6DB667061}.Release|x86.ActiveCfg = Release|Win32
		{4FEC8712-343C-4686-9E63-BFE6DB667061}.Release|x86.Build.0 = Release|Win32
		{A788DB76-90E5-4C29-B1CB-A279588EB4BD}.Debug|x64.ActiveCfg = Debug|x64
		{A788DB76-90E5-4C29-B1CB-A279588EB4BD}.Debug|x64.Build.0 = Debug|x64
		{A788DB76-90E5-4C29-B1CB-A279588EB4BD}.Debug|x86.ActiveCfg = Debug|Win32
		{A788DB76-90E5-4C29-B1CB-A279588EB4BD}.Debug|x86.Build.0 = Debug|Win32
		{A788DB76-90E5-4C29-B1CB-A279588EB4BD}.Release|x64.ActiveCfg = Release|x64
		{A788DB76-90E5-4C29-B1CB-A279588EB4BD}.Release|x64.Build.0 = Release|x64
		{A788DB76-90E5-4C29-B1CB-A279588EB4BD}.Release|x86.ActiveCfg = Release|Win32
		{A788DB76-90E5-4C29-B1CB-A279588EB4BD}.Release|x86.Build.0 = Release|Win32
		{5724C0C6-5AE0-4839-A9C6-8995975777FE}.Debug|x64.ActiveCfg = Debug|x64
		{5724C0C6-5AE0-4839-A9C6-8995975777FE}.Debug|x64.Build.0 = Debug|x64
		{5724C0C6-5AE0-4839-A9C6-8995975777FE}.Debug|x86.ActiveCfg = Debug|Win32
		{5724C0C6-5AE0-4839-A9C6-8995975777FE}.Debug|x86.Build.0 = Debug|Win32
		{5724C0C6-5AE0-4839-A9C6-8995975777FE}.Release|x64.ActiveCfg = Release|x64
		{5724C0C6-5AE0-4839-A9C6-8995975777FE}.Release|x64.Build.0 = Release|x64
		{5724C0C6-5AE0-4839-A9C6-8995975777FE}.Release|x86.ActiveCfg = Release|Win32
		{5724C0C6-5AE0-4839-A9C6-8995975777FE}.Release|x86.Build.0 = Release|Win32
		{C686A97A-2799-4A22-9A34-A4F0ABF86463}.Debug|x64.ActiveCfg = Debug|x64
		{C686A97A-2799-4A22-9A34-A4F0ABF86463}.Debug|x64.Build.0 = Debug|x64
		{C686A97A-2799-4A22-9A34-A4F0ABF86463}.Debug|x86.ActiveCfg = Debug|Win32
		{C686A97A-2799-4A22-9A34-A4F0ABF86463}.Debug|x86.Build.0 = Debug|Win32
		{C686A97A-2799-4A22-9A34-A4F0ABF86463}.Release|x64.ActiveCfg = Release|x64
		{C686A97A-2799-4A22-9A34-A4F0ABF86463}.Release|x64.Build.0 = Release|x64
		{C686A97A-2799-4A22-9A34-A4F0ABF86463}.Release|x86.ActiveCfg = Release|Win32
		{C686A97A-2799-4A22-9A34-A4F0ABF86463}.Release|x86.Build.0 = Release|Win32
		{A6C089F8-004B-4FC9-A6B8-8CF07835C529}.Debug|x64.ActiveCfg = Debug|x64
		{A6C089F8-004B-4FC9-A6B8-8CF07835C529}.Debug|x64.Build.0 = Debug|x64
		{A6C089F8-004B-4FC9-A6B8-8CF07835C529}.Debug|x86.ActiveCfg = Debug|Win32
		{A6C089F8-004B-4FC9-A6B8-8CF07835C529}.Debug|x86.Build.0 = Debug|Win32
		{A6C089F8-004B-4FC9-A6B8-8CF07835C529}.Release|x64.ActiveCfg = Release|x64
		{A6C089F8-004B-4FC9-A6B8-8CF07835C529}.Release|x64.Build.0 = Release|x64
		{A6C089F8-004B-4FC9-A6B8-8CF07835C529}.Release|x86.ActiveCfg = Release|Win32
		{A6C089F8-004B-4FC9-A6B8-8CF07835C529}.Release|x86.Build.0 = Release|Win32
		{591DA4AC-2FA3-4248-A5A5-CAD7152D43E1}.Debug|x64.ActiveCfg = Debug|x64
		{591DA4AC-2FA3-4248-A5A5-CAD7152D43E1}.Debug|x64.Build.0 = Debug|x64
		{591DA4AC-2FA3-4248-A5A5-CAD7152D43E1}.Debug|x86.ActiveCfg = Debug|Win32
		{591DA4AC-2FA3-4248-A5A5-CAD7152D43E1}.Debug|x86.Build.0 = Debug|Win32
		{591DA4AC-2FA3-4248-A5A5-CAD7152D43E1}.Release|x64.ActiveCfg = Release|x64
		{591DA4AC-2FA3-4248-A5A5-CAD7152D43E1}.Release|x64.Build.0 = Release|x64
		{591DA4AC-2FA3-4248-A5A5-CAD7152D43E1}.Release|x86.ActiveCfg = Release|Win32
		{591DA4AC-2FA3-4248-A5A5-CAD7152D43E1}.Release|x86.Build.0 = Release|Win32
		{EFC666F6-D249-4699-BC9B-9BB495DF5157}.Debug|x64.ActiveCfg = Debug|x64
		{EFC666F6-D249-4699-BC9B-9BB495DF5157}.Debug|x64.Build.0 = Debug|x64
		{EFC666F6-D249-4699-BC9B-9BB495DF5157}.Debug|x86.ActiveCfg = Debug|Win32
		{EFC666F6-D249-4699-BC9B-9BB495DF5157}.Debug|x86.Build.0 = Debug|Win32
		{EFC666F6-D249-4699-BC9B-9BB495DF5157}.Release|x64.ActiveCfg = Release|x64
		{EFC666F6-D249-4699-BC9B-9BB495DF5157}.Release|x64.Build.0 = Release|x64
		{EFC666F6-D249-4699-BC9B-9BB495DF5157}.Release|x86.ActiveCfg = Release|Win32
		{EFC666F6-D249-4699-BC9B-9BB495DF5157}.Release|x86.Build.0 = Release|Win32
		{929D6FF8-8312-48F0-80A4-A1E48BAC97FE}.Debug|x64.ActiveCfg = Debug|x64
		{929D6FF8-8312-48F0-80A4-A1E48BAC97FE}.Debug|x64.Build.0 = Debug|x64
		{929D6FF8-8312-48F0-80A4-A1E48BAC97FE}.Debug|x86.ActiveCfg = Debug|Win32
		{929D6FF8-8312-48F0-80A4-A1E48BAC97FE}.Debug|x86.Build.0 = Debug|Win32
		{929D6FF8-8312-48F0-80A4-A1E48BAC97FE}.Release|x64.ActiveCfg = Release|x64
		{929D6FF8-8312-48F0-80A4-A1E48BAC97FE}.Release|x64.Build.0 = Release|x64
		{929D6FF8-8312-48F0-80A4-A1E48BAC97FE}.Release|x86.ActiveCfg = Release|Win32
		{929D6FF8-8312-48F0-80A4-A1E48BAC97FE}.Release|x86.Build.0 = Release|Win32
		{3389851F-4579-400A-886F-D26E015920BC}.Debug|x64.ActiveCfg = Debug|x64
		{3389851F-4579-400A-886F-D26E015920BC}.Debug|x64.Build.0 = Debug|x64
		{3389851F-4579-400A-886F-D26E015920BC}.Debug|x86.ActiveCfg = Debug|Win32
		{3389851F-4579-400A-886F-D26E015920BC}.Debug|x86.Build.0 = Debug|Win32
		{3389851F-4579-400A-886F-D26E015920BC}.Release|x64.ActiveCfg = Release|x64
		{3389851F-4579-400A-886F-D26E015920BC}.Release|x64.Build.0 = Release|x64
		{3389851F-4579-400A-886F-D26E015920BC}.Release|x86.ActiveCfg = Release|Win32
		{3389851F-4579-400A-886F-D26E015920BC}.Release|x86.Build.0 = Release|Win32
		{DF4A8E80-1FAF-40E5-9D80-DBE93F40B1E7}.Debug|x64.ActiveCfg = Debug|x64
		{DF4A8E80-1FAF-40E5-9D80-DBE93F40B1E7}.Debug|x64.Build.0 = Debug|x64
		{DF4A8E80-1FAF-40E5-9D80-DBE93F40B1E7}.Debug|x86.ActiveCfg = Debug|Win32
		{DF4A8E80-1FAF-40E5-9D80-DBE93F40B1E7}.Debug|x86.Build.0 = Debug|Win32
		{DF4A8E80-1FAF-40E5-9D80-DBE93F40B1E7}.Release|x64.ActiveCfg = Release|x64
		{DF4A8E80-1FAF-40E5-9D80-DBE93F40B1E7}.Release|x64.Build.0 = Release|x64
		{DF4A8E80-1FAF-40E5-9D80-DBE93F40B1E7}.Release|x86.ActiveCfg = Release|Win32
		{DF4A8E80-1FAF-40E5-9D80-DBE93F40B1E7}.Release|x86.Build.0 = Release|Win32
		{816E440A-1ED6-41D0-8378-C1646378824F}.Debug|x64.ActiveCfg = Debug|x64
		{816E440A-1ED6-41D0-8378-C1646378824F}.Debug|x64.Build.0 = Debug|x64
		{816E440A-1ED6-41D0-8378-C1646378824F}.Debug|x86.ActiveCfg = Debug|Win32
		{816E440A-1ED6-41D0-8378-C1646378824F}.Debug|x86.Build.0 = Debug|Win32
		{816E440A-1ED6-41D0-8378-C1646378824F}.Release|x64.ActiveCfg = Release|x64
		{816E440A-1ED6-41D0-8378-C1646378824F}.Release|x64.Build.0 = Release|x64
		{816E440A-1ED6-41D0-8378-C1646378824F}.Release|x86.ActiveCfg = Release|Win32
		{816E440A-1ED6-41D0-8378-C1646378824F}.Release|x86.Build.0 = Release|Win32
		{76E1614D-E18A-4E06-AD4A-2A93BF73D354}.Debug|x64.ActiveCfg = Debug|x64
		{76E1614D-E18A-4E06-AD4A-2A93BF73D354}.Debug|x64.Build.0 = Debug|x64
		{76E1614D-E18A-4E06-AD4A-2A93BF73D354}.Debug|x86.ActiveCfg = Debug|Win32
		{76E1614D-E18A-4E06-AD4A-2A93BF73D354}.Debug|x86.Build.0 = Debug|Win32
		{76E1614D-E18A-4E06-AD4A-2A93BF73D354}.Release|x64.ActiveCfg = Release|x64
		{76E1614D-E18A-4E06-AD4A-2A93BF73D354}.Release|x64.Build.0 = Release|x64
		{76E1614D-E18A-4E06-AD4A-2A93BF73D354}.Release|x86.ActiveCfg = Release|Win32
		{76E1614D-E18A-4E06-AD4A-2A93BF73D354}.Release|x86.Build.0 = Release|Win32
		{273D1758-057A-4B3D-95E3-08E54AF60700}.Debug|x64.ActiveCfg = Debug|x64
		{273D1758-057A-4B3D-95E3-08E54AF60700}.Debug|x64.Build.0 = Debug|x64
		{273D1758-057A-4B3D-95E3-08E54AF60700}.Debug|x86.ActiveCfg = Debug|Win32
		{273D1758-057A-4B3D-95E3-08E54AF60700}.Debug|x86.Build.0 = Debug|Win32
		{273D1758-057A-4B3D-95E3-08E54AF60700}.Release|x64.ActiveCfg = Release|x64
		{273D1758-057A-4B3D-95E3-08E54AF60700}.Release|x64.Build.0 = Release|x64
		{273D1758-057A-4B3D-95E3-08E54AF60700}.Release|x86.ActiveCfg = Release|Win32
		{273D1758-057A-4B3D-95E3-08E54AF60700}.Release|x86.Build.0 = Release|Win32
		{6FC37213-9C16-4C34-B9DC-9DD4E599351C}.Debug|x64.ActiveCfg = Debug|x64
		{6FC37213-9C16-4C34-B9DC-9DD4E599351C}.Debug|x64.Build.0 = Debug|x64
		{6FC37213-9C16-4C34-B9DC-9DD4E599351C}.Debug|x86.ActiveCfg = Debug|Win32
		{6FC37213-9C16-4C34-B9DC-9DD4E599351C}.Debug|x86.Build.0 = Debug|Win32
		{6FC37213-9C16-4C34-B9DC-9DD4E599351C}.Release|x64.ActiveCfg = Release|x64
		{6FC37213-9C16-4C34-B9DC-9DD4E599351C}.Release|x64.Build.0 = Release|x64
		{6FC37213-9C16-4C34-B9DC-9DD4E599351C}.Release|x86.ActiveCfg = Release|Win32
		{6FC37213-9C16-4C34-B9DC-9DD4E599351C}.Release|x86.Build.0 = Release|Win32
		{2CBF18F9-8D4B-40E4-AA1D-9132842F18FB}.Debug|x64.ActiveCfg = Debug|x64
		{2CBF18F9-8D4B-40E4-AA1D-9132842F18FB}.Debug|x64.Build.0 = Debug|x64
		{2CBF18F9-8D4B-40E4-AA1D-9132842F18FB}.Debug|x86.ActiveCfg = Debug|Win32
		{2CBF18F9-8D4B-40E4-AA1D-9132842F18FB}.Debug|x86.Build.0 = Debug|Win32
		{2CBF18F9-8D4B-40E4-AA1D-9132842F18FB}.Release|x64.ActiveCfg = Release|x64
		{2CBF18F9-8D4B-40E4-AA1D-9132842F18FB}.Release|x64.Build.0 = Release|x64
		{2CBF18F9-8D4B-40E4-AA1D-9132842F18FB}.Release|x86.ActiveCfg = Release|Win32
		{2CBF18F9-8D4B-40E4-AA1D-9132842F18FB}.Release|x86.Build.0 = Release|Win32
		{21B7933D-01FD-49F6-9544-20F84257932F}.Debug|x64.ActiveCfg = Debug|x64
		{21B7933D-01FD-49F6-9544-20F84257932F}.Debug|x64.Build.0 = Debug|x64
		{21B7933D-01FD-49F6-9544-20F84257932F}.Debug|x86.ActiveCfg = Debug|Win32
		{21B7933D-01FD-49F6-9544-20F84257932F}.Debug|x86.Build.0 = Debug|Win32
		{21B7933D-01FD-49F6-9544-20F84257932F}.Release|x64.ActiveCfg = Release|x64
		{21B7933D-01FD-49F6-9544-20F84257932F}.Release|x64.Build.0 = Release|x64
		{21B7933D-01FD-49F6-9544-20F84257932F}.Release|x86.ActiveCfg = Release|Win32
		{21B7933D-01FD-49F6-9544-20F84257932F}.Release|x86.Build.0 = Release|Win32
		{65BF7D19-1C10-4271-B33E-F7D7604F9DE2}.Debug|x64.ActiveCfg = Debug|x64
		{65BF7D19-1C10-4271-B33E-F7D7604F9DE2}.Debug|x64.Build.0 = Debug|x64
		{65BF7D19-1C10-4271-B33E-F7D7604F9DE2}.Debug|x86.ActiveCfg = Debug|Win32
		{65BF7D19-1C10-4271-B33E-F7D7604F9DE2}.Debug|x86.Build.0 = Debug|Win32
		{65BF7D19-1C10-4271-B33E-F7D7604F9DE2}.Release|x64.ActiveCfg = Release|x64
		{65BF7D19-1C10-4271-B33E-F7D7604F9DE2}.Release|x64.Build.0 = Release|x64
		{65BF7D19-1C10-4271-B33E-F7D7604F9DE2}.Release|x86.ActiveCfg = Release|Win32
		{65BF7D19-1C10-4271-B33E-F7D7604F9DE2}.Release|x86.Build.0 = Release|Win32
		{D7D13A8F-64D7-457E-8F6A-1D3E6EF9D66D}.Debug|x64.ActiveCfg = Debug|x64
		{D7D13A8F-64D7-457E-8F6A-1D3E6EF9D66D}.Debug|x64.Build.0 = Debug|x64
		{D7D13A8F-64D7-457E-8F6A-1D3E6EF9D66D}.Debug|x86.ActiveCfg = Debug|Win32
		{D7D13A8F-64D7-457E-8F6A-1D3E6EF9D66D}.Debug|x86.Build.0 = Debug|Win32
		{D7D13A8F-64D7-457E-8F6A-1D3E6EF9D66D}.Release|x64.ActiveCfg = Release|x64
		{D7D13A8F-64D7-457E-8F6A-1D3E6EF9D66D}.Release|x64.Build.0 = Release|x64
		{D7D13A8F-64D7-457E-8F6A-1D3E6EF9D66D}.Release|x86.ActiveCfg = Release|Win32
		{D7D13A8F-64D7-457E-8F6A-1D3E6EF9D66D}.Release|x86.Build.0 = Release|Win32
		{1C5A279D-F56F-4C20-BC1A-588B8AD91597}.Debug|x64.ActiveCfg = Debug|x64
		{1C5A279D-F56F-4C20-BC1A-588B8AD91597}.Debug|x64.Build.0 = Debug|x64
		{1C5A279D-F56F-4C20-BC1A-588B8AD91597}.Debug|x86.ActiveCfg = Debug|Win32
		{1C5A279D-F56F-4C20-BC1A-588B8AD91597}.Debug|x86.Build.0 = Debug|Win32
		{1C5A279D-F56F-4C20-BC1A-588B8AD91597}.Release|x64.ActiveCfg = Release|x64
		{1C5A279D-F56F-4C20-BC1A-588B8AD91597}.Release|x64.Build.0 = Release|x64
		{1C5A279D-F56F-4C20-BC1A-588B8AD91597}.Release|x86.ActiveCfg = Release|Win32
		{1C5A279D-F56F-4C20-BC1A-588B8AD91597}.Release|x86.Build.0 = Release|Win32
	EndGlobalSection
	GlobalSection(SolutionProperties) = preSolution
		HideSolutionNode = FALSE
	EndGlobalSection
	GlobalSection(ExtensibilityGlobals) = postSolution
		SolutionGuid = {ED361EBF-5775-4CB5-8E12-E38EDB6D0F65}
	EndGlobalSection
EndGlobal
